{
  "version": 4,
  "terraform_version": "1.12.1",
  "serial": 24,
  "lineage": "41970ed9-5663-c2c5-9d4c-6c7a779c41f0",
  "outputs": {
    "minecraft_server_ip": {
      "value": "18.204.126.146",
      "type": "string"
    }
  },
  "resources": [
    {
      "mode": "managed",
      "type": "aws_eip",
      "name": "mc_ip",
      "provider": "provider[\"registry.terraform.io/hashicorp/aws\"]",
      "instances": [
        {
          "schema_version": 0,
          "attributes": {
            "address": null,
            "allocation_id": "eipalloc-09a0f919ac8f600f4",
            "arn": "arn:aws:ec2:us-east-1:971640294186:elastic-ip/eipalloc-09a0f919ac8f600f4",
            "associate_with_private_ip": null,
            "association_id": "eipassoc-02f5b0dc56e3919e9",
            "carrier_ip": "",
            "customer_owned_ip": "",
            "customer_owned_ipv4_pool": "",
            "domain": "vpc",
            "id": "eipalloc-09a0f919ac8f600f4",
            "instance": "i-0cddf87409376f7df",
            "ipam_pool_id": null,
            "network_border_group": "us-east-1",
            "network_interface": "eni-00d28bd1293fdd13a",
            "private_dns": "ip-172-31-23-76.ec2.internal",
            "private_ip": "172.31.23.76",
            "ptr_record": "",
            "public_dns": "ec2-18-204-126-146.compute-1.amazonaws.com",
            "public_ip": "18.204.126.146",
            "public_ipv4_pool": "amazon",
            "tags": {},
            "tags_all": {},
            "timeouts": null,
            "vpc": true
          },
          "sensitive_attributes": [],
          "identity_schema_version": 0,
          "private": "eyJlMmJmYjczMC1lY2FhLTExZTYtOGY4OC0zNDM2M2JjN2M0YzAiOnsiZGVsZXRlIjoxODAwMDAwMDAwMDAsInJlYWQiOjkwMDAwMDAwMDAwMCwidXBkYXRlIjozMDAwMDAwMDAwMDB9fQ==",
          "dependencies": [
            "aws_instance.minecraft_server",
            "aws_key_pair.deployer",
            "aws_security_group.minecraft_sg"
          ]
        }
      ]
    },
    {
      "mode": "managed",
      "type": "aws_instance",
      "name": "minecraft_server",
      "provider": "provider[\"registry.terraform.io/hashicorp/aws\"]",
      "instances": [
        {
          "schema_version": 1,
          "attributes": {
            "ami": "ami-053b0d53c279acc90",
            "arn": "arn:aws:ec2:us-east-1:971640294186:instance/i-0cddf87409376f7df",
            "associate_public_ip_address": true,
            "availability_zone": "us-east-1b",
            "capacity_reservation_specification": [
              {
                "capacity_reservation_preference": "open",
                "capacity_reservation_target": []
              }
            ],
            "cpu_core_count": 1,
            "cpu_options": [
              {
                "amd_sev_snp": "",
                "core_count": 1,
                "threads_per_core": 2
              }
            ],
            "cpu_threads_per_core": 2,
            "credit_specification": [
              {
                "cpu_credits": "unlimited"
              }
            ],
            "disable_api_stop": false,
            "disable_api_termination": false,
            "ebs_block_device": [],
            "ebs_optimized": false,
            "enable_primary_ipv6": null,
            "enclave_options": [
              {
                "enabled": false
              }
            ],
            "ephemeral_block_device": [],
            "get_password_data": false,
            "hibernation": false,
            "host_id": "",
            "host_resource_group_arn": null,
            "iam_instance_profile": "",
            "id": "i-0cddf87409376f7df",
            "instance_initiated_shutdown_behavior": "stop",
            "instance_lifecycle": "",
            "instance_market_options": [],
            "instance_state": "running",
            "instance_type": "t3.small",
            "ipv6_address_count": 0,
            "ipv6_addresses": [],
            "key_name": "minecraft-key",
            "launch_template": [],
            "maintenance_options": [
              {
                "auto_recovery": "default"
              }
            ],
            "metadata_options": [
              {
                "http_endpoint": "enabled",
                "http_protocol_ipv6": "disabled",
                "http_put_response_hop_limit": 1,
                "http_tokens": "optional",
                "instance_metadata_tags": "disabled"
              }
            ],
            "monitoring": false,
            "network_interface": [],
            "outpost_arn": "",
            "password_data": "",
            "placement_group": "",
            "placement_partition_number": 0,
            "primary_network_interface_id": "eni-00d28bd1293fdd13a",
            "private_dns": "ip-172-31-23-76.ec2.internal",
            "private_dns_name_options": [
              {
                "enable_resource_name_dns_a_record": false,
                "enable_resource_name_dns_aaaa_record": false,
                "hostname_type": "ip-name"
              }
            ],
            "private_ip": "172.31.23.76",
            "public_dns": "ec2-18-204-126-146.compute-1.amazonaws.com",
            "public_ip": "18.204.126.146",
            "root_block_device": [
              {
                "delete_on_termination": true,
                "device_name": "/dev/sda1",
                "encrypted": false,
                "iops": 100,
                "kms_key_id": "",
                "tags": {},
                "tags_all": {},
                "throughput": 0,
                "volume_id": "vol-0864c59f0693bcdac",
                "volume_size": 8,
                "volume_type": "gp2"
              }
            ],
            "secondary_private_ips": [],
            "security_groups": [
              "minecraft-sg"
            ],
            "source_dest_check": true,
            "spot_instance_request_id": "",
            "subnet_id": "subnet-02e33e4664b547897",
            "tags": {},
            "tags_all": {},
            "tenancy": "default",
            "timeouts": null,
            "user_data": null,
            "user_data_base64": null,
            "user_data_replace_on_change": false,
            "volume_tags": null,
            "vpc_security_group_ids": [
              "sg-03ae6da85b79cd996"
            ]
          },
          "sensitive_attributes": [],
          "identity_schema_version": 0,
          "private": "eyJlMmJmYjczMC1lY2FhLTExZTYtOGY4OC0zNDM2M2JjN2M0YzAiOnsiY3JlYXRlIjo2MDAwMDAwMDAwMDAsImRlbGV0ZSI6MTIwMDAwMDAwMDAwMCwicmVhZCI6OTAwMDAwMDAwMDAwLCJ1cGRhdGUiOjYwMDAwMDAwMDAwMH0sInNjaGVtYV92ZXJzaW9uIjoiMSJ9",
          "dependencies": [
            "aws_key_pair.deployer",
            "aws_security_group.minecraft_sg"
          ]
        }
      ]
    },
    {
      "mode": "managed",
      "type": "aws_key_pair",
      "name": "deployer",
      "provider": "provider[\"registry.terraform.io/hashicorp/aws\"]",
      "instances": [
        {
          "schema_version": 1,
          "attributes": {
            "arn": "arn:aws:ec2:us-east-1:971640294186:key-pair/minecraft-key",
            "fingerprint": "3a:3d:83:5e:5d:bd:a8:5c:1c:55:96:7c:01:04:22:b6",
            "id": "minecraft-key",
            "key_name": "minecraft-key",
            "key_name_prefix": "",
            "key_pair_id": "key-0c5861e8d99f013b0",
            "key_type": "rsa",
            "public_key": "ssh-rsa AAAAB3NzaC1yc2EAAAADAQABAAACAQDLGyZoCOhNgcoq/tpUAO5JPItnk2ovA+MeKY3UxCokXZWP9e8fiD5YsSbN24wEqzVZZyHv1doTcojnp/sXbnLQYqyhfE7fFQjoVC0n07WCg1p4y27WEWQW7KCaee1QCLd94hNMUYXnU5F8nLS3wMXAlE+kG1l60xQjYxUrCvLPrIE8tRZPHOUetYJHUXlIwOTGxcxX+hqXGKETkPIFNtESYxwfMIQn7f4VqHbOZ9mtNmwxXcngYueB7nPK8VyhCgiY60IWsASd1Y4JHLxpXxoPI3oHQUC/YW1/mmXpwoTpt1ewWibdLD5phibD5W5pWEkAxQA5oTQRP+ZJIfWbRDxqB4kHutICl0Y/0ujodyBt4z+7zEb81ymA5/iUps0JDXq0ixJyP8ZwRfj1jP/8x08JTsy70m3up/dnVsbLQN6zlwnoBJqOLIVBFv8snAKgPWI/1oJYhqIP8dWOtdGLgDhSy25CzRIM7NLET276E1P1qubnr1E0UKticuXjE7xVPRmdp6q4x7d6puvn723jkx6PR6+UwTEIkYiDOKAFK1n0fib5CfyM9aYc7DoedwuvqfYCsUi748/0Jr5NK5q0DBbORfBSe4A08yJphPGUodAlEsxUJwR+P1QpS9S+Db4BvC+jCkFjfL6T6YZG6/EPVnT0Ptx6IuoNo1r8msOJtj+ScQ== charley lotspeich@DESKTOP-1DU3R32",
            "tags": {},
            "tags_all": {}
          },
          "sensitive_attributes": [],
          "identity_schema_version": 0,
          "private": "eyJzY2hlbWFfdmVyc2lvbiI6IjEifQ=="
        }
      ]
    },
    {
      "mode": "managed",
      "type": "aws_security_group",
      "name": "minecraft_sg",
      "provider": "provider[\"registry.terraform.io/hashicorp/aws\"]",
      "instances": [
        {
          "schema_version": 1,
          "attributes": {
            "arn": "arn:aws:ec2:us-east-1:971640294186:security-group/sg-03ae6da85b79cd996",
            "description": "Allow Minecraft and SSH traffic",
            "egress": [
              {
                "cidr_blocks": [
                  "0.0.0.0/0"
                ],
                "description": "",
                "from_port": 0,
                "ipv6_cidr_blocks": [],
                "prefix_list_ids": [],
                "protocol": "-1",
                "security_groups": [],
                "self": false,
                "to_port": 0
              }
            ],
            "id": "sg-03ae6da85b79cd996",
            "ingress": [
              {
                "cidr_blocks": [
                  "0.0.0.0/0"
                ],
                "description": "Allow Minecraft",
                "from_port": 25565,
                "ipv6_cidr_blocks": [],
                "prefix_list_ids": [],
                "protocol": "tcp",
                "security_groups": [],
                "self": false,
                "to_port": 25565
              },
              {
                "cidr_blocks": [
                  "0.0.0.0/0"
                ],
                "description": "Allow SSH",
                "from_port": 22,
                "ipv6_cidr_blocks": [],
                "prefix_list_ids": [],
                "protocol": "tcp",
                "security_groups": [],
                "self": false,
                "to_port": 22
              }
            ],
            "name": "minecraft-sg",
            "name_prefix": "",
            "owner_id": "971640294186",
            "revoke_rules_on_delete": false,
            "tags": {},
            "tags_all": {},
            "timeouts": null,
            "vpc_id": "vpc-0de0dc13ad1401dff"
          },
          "sensitive_attributes": [],
          "identity_schema_version": 0,
          "private": "eyJlMmJmYjczMC1lY2FhLTExZTYtOGY4OC0zNDM2M2JjN2M0YzAiOnsiY3JlYXRlIjo2MDAwMDAwMDAwMDAsImRlbGV0ZSI6OTAwMDAwMDAwMDAwfSwic2NoZW1hX3ZlcnNpb24iOiIxIn0="
        }
      ]
    }
  ],
  "check_results": null
}
